// !$*UTF8*$!
{
	archiveVersion = 1;
	classes = {
	};
	objectVersion = 52;
	objects = {

/* Begin PBXBuildFile section */
		C2B8B857260ED1130059264E /* AppDelegate.swift in Sources */ = {isa = PBXBuildFile; fileRef = C2B8B856260ED1130059264E /* AppDelegate.swift */; };
		C2B8B859260ED1130059264E /* SceneDelegate.swift in Sources */ = {isa = PBXBuildFile; fileRef = C2B8B858260ED1130059264E /* SceneDelegate.swift */; };
		C2B8B85B260ED1130059264E /* ViewController.swift in Sources */ = {isa = PBXBuildFile; fileRef = C2B8B85A260ED1130059264E /* ViewController.swift */; };
		C2B8B85E260ED1130059264E /* Main.storyboard in Resources */ = {isa = PBXBuildFile; fileRef = C2B8B85C260ED1130059264E /* Main.storyboard */; };
		C2B8B860260ED1160059264E /* Assets.xcassets in Resources */ = {isa = PBXBuildFile; fileRef = C2B8B85F260ED1160059264E /* Assets.xcassets */; };
		C2B8B863260ED1160059264E /* LaunchScreen.storyboard in Resources */ = {isa = PBXBuildFile; fileRef = C2B8B861260ED1160059264E /* LaunchScreen.storyboard */; };
		C2B8B86F260ED1320059264E /* SwiftWKBridge in Frameworks */ = {isa = PBXBuildFile; productRef = C2B8B86E260ED1320059264E /* SwiftWKBridge */; };
		C2B8B873260ED14C0059264E /* test.css in Resources */ = {isa = PBXBuildFile; fileRef = C2B8B871260ED14C0059264E /* test.css */; };
		C2B8B874260ED14C0059264E /* test.html in Resources */ = {isa = PBXBuildFile; fileRef = C2B8B872260ED14C0059264E /* test.html */; };
/* End PBXBuildFile section */

/* Begin PBXFileReference section */
		C2B8B853260ED1130059264E /* Demo.app */ = {isa = PBXFileReference; explicitFileType = wrapper.application; includeInIndex = 0; path = Demo.app; sourceTree = BUILT_PRODUCTS_DIR; };
		C2B8B856260ED1130059264E /* AppDelegate.swift */ = {isa = PBXFileReference; lastKnownFileType = sourcecode.swift; path = AppDelegate.swift; sourceTree = "<group>"; };
		C2B8B858260ED1130059264E /* SceneDelegate.swift */ = {isa = PBXFileReference; lastKnownFileType = sourcecode.swift; path = SceneDelegate.swift; sourceTree = "<group>"; };
		C2B8B85A260ED1130059264E /* ViewController.swift */ = {isa = PBXFileReference; lastKnownFileType = sourcecode.swift; path = ViewController.swift; sourceTree = "<group>"; };
		C2B8B85D260ED1130059264E /* Base */ = {isa = PBXFileReference; lastKnownFileType = file.storyboard; name = Base; path = Base.lproj/Main.storyboard; sourceTree = "<group>"; };
		C2B8B85F260ED1160059264E /* Assets.xcassets */ = {isa = PBXFileReference; lastKnownFileType = folder.assetcatalog; path = Assets.xcassets; sourceTree = "<group>"; };
		C2B8B862260ED1160059264E /* Base */ = {isa = PBXFileReference; lastKnownFileType = file.storyboard; name = Base; path = Base.lproj/LaunchScreen.storyboard; sourceTree = "<group>"; };
		C2B8B864260ED1160059264E /* Info.plist */ = {isa = PBXFileReference; lastKnownFileType = text.plist.xml; path = Info.plist; sourceTree = "<group>"; };
		C2B8B86B260ED1240059264E /* SwiftWKBridge */ = {isa = PBXFileReference; lastKnownFileType = folder; name = SwiftWKBridge; path = ..; sourceTree = "<group>"; };
		C2B8B871260ED14C0059264E /* test.css */ = {isa = PBXFileReference; fileEncoding = 4; lastKnownFileType = text.css; path = test.css; sourceTree = "<group>"; };
		C2B8B872260ED14C0059264E /* test.html */ = {isa = PBXFileReference; fileEncoding = 4; lastKnownFileType = text.html; path = test.html; sourceTree = "<group>"; };
/* End PBXFileReference section */

/* Begin PBXFrameworksBuildPhase section */
		C2B8B850260ED1130059264E /* Frameworks */ = {
			isa = PBXFrameworksBuildPhase;
			buildActionMask = 2147483647;
			files = (
				C2B8B86F260ED1320059264E /* SwiftWKBridge in Frameworks */,
			);
			runOnlyForDeploymentPostprocessing = 0;
		};
/* End PBXFrameworksBuildPhase section */

/* Begin PBXGroup section */
		C2B8B84A260ED1130059264E = {
			isa = PBXGroup;
			children = (
				C2B8B86B260ED1240059264E /* SwiftWKBridge */,
				C2B8B855260ED1130059264E /* Demo */,
				C2B8B854260ED1130059264E /* Products */,
				C2B8B86D260ED1320059264E /* Frameworks */,
			);
			sourceTree = "<group>";
		};
		C2B8B854260ED1130059264E /* Products */ = {
			isa = PBXGroup;
			children = (
				C2B8B853260ED1130059264E /* Demo.app */,
			);
			name = Products;
			sourceTree = "<group>";
		};
		C2B8B855260ED1130059264E /* Demo */ = {
			isa = PBXGroup;
			children = (
				C2B8B871260ED14C0059264E /* test.css */,
				C2B8B872260ED14C0059264E /* test.html */,
				C2B8B856260ED1130059264E /* AppDelegate.swift */,
				C2B8B858260ED1130059264E /* SceneDelegate.swift */,
				C2B8B85A260ED1130059264E /* ViewController.swift */,
				C2B8B85C260ED1130059264E /* Main.storyboard */,
				C2B8B85F260ED1160059264E /* Assets.xcassets */,
				C2B8B861260ED1160059264E /* LaunchScreen.storyboard */,
				C2B8B864260ED1160059264E /* Info.plist */,
			);
			path = Demo;
			sourceTree = "<group>";
		};
		C2B8B86D260ED1320059264E /* Frameworks */ = {
			isa = PBXGroup;
			children = (
			);
			name = Frameworks;
			sourceTree = "<group>";
		};
/* End PBXGroup section */

/* Begin PBXNativeTarget section */
		C2B8B852260ED1130059264E /* Demo */ = {
			isa = PBXNativeTarget;
			buildConfigurationList = C2B8B867260ED1160059264E /* Build configuration list for PBXNativeTarget "Demo" */;
			buildPhases = (
				C2B8B84F260ED1130059264E /* Sources */,
				C2B8B850260ED1130059264E /* Frameworks */,
				C2B8B851260ED1130059264E /* Resources */,
			);
			buildRules = (
			);
			dependencies = (
			);
			name = Demo;
			packageProductDependencies = (
				C2B8B86E260ED1320059264E /* SwiftWKBridge */,
			);
			productName = Demo;
			productReference = C2B8B853260ED1130059264E /* Demo.app */;
			productType = "com.apple.product-type.application";
		};
/* End PBXNativeTarget section */

/* Begin PBXProject section */
		C2B8B84B260ED1130059264E /* Project object */ = {
			isa = PBXProject;
			attributes = {
				LastSwiftUpdateCheck = 1240;
				LastUpgradeCheck = 1240;
				TargetAttributes = {
					C2B8B852260ED1130059264E = {
						CreatedOnToolsVersion = 12.4;
					};
				};
			};
			buildConfigurationList = C2B8B84E260ED1130059264E /* Build configuration list for PBXProject "Demo" */;
			compatibilityVersion = "Xcode 9.3";
			developmentRegion = en;
			hasScannedForEncodings = 0;
			knownRegions = (
				en,
				Base,
			);
			mainGroup = C2B8B84A260ED1130059264E;
			productRefGroup = C2B8B854260ED1130059264E /* Products */;
			projectDirPath = "";
			projectRoot = "";
			targets = (
				C2B8B852260ED1130059264E /* Demo */,
			);
		};
/* End PBXProject section */

/* Begin PBXResourcesBuildPhase section */
		C2B8B851260ED1130059264E /* Resources */ = {
			isa = PBXResourcesBuildPhase;
			buildActionMask = 2147483647;
			files = (
				C2B8B863260ED1160059264E /* LaunchScreen.storyboard in Resources */,
				C2B8B860260ED1160059264E /* Assets.xcassets in Resources */,
				C2B8B85E260ED1130059264E /* Main.storyboard in Resources */,
				C2B8B874260ED14C0059264E /* test.html in Resources */,
				C2B8B873260ED14C0059264E /* test.css in Resources */,
			);
			runOnlyForDeploymentPostprocessing = 0;
		};
/* End PBXResourcesBuildPhase section */

/* Begin PBXSourcesBuildPhase section */
		C2B8B84F260ED1130059264E /* Sources */ = {
			isa = PBXSourcesBuildPhase;
			buildActionMask = 2147483647;
			files = (
				C2B8B85B260ED1130059264E /* ViewController.swift in Sources */,
				C2B8B857260ED1130059264E /* AppDelegate.swift in Sources */,
				C2B8B859260ED1130059264E /* SceneDelegate.swift in Sources */,
			);
			runOnlyForDeploymentPostprocessing = 0;
		};
/* End PBXSourcesBuildPhase section */

/* Begin PBXVariantGroup section */
		C2B8B85C260ED1130059264E /* Main.storyboard */ = {
			isa = PBXVariantGroup;
			children = (
				C2B8B85D260ED1130059264E /* Base */,
			);
			name = Main.storyboard;
			sourceTree = "<group>";
		};
		C2B8B861260ED1160059264E /* LaunchScreen.storyboard */ = {
			isa = PBXVariantGroup;
			children = (
				C2B8B862260ED1160059264E /* Base */,
			);
			name = LaunchScreen.storyboard;
			sourceTree = "<group>";
		};
/* End PBXVariantGroup section */

/* Begin XCBuildConfiguration section */
		C2B8B865260ED1160059264E /* Debug */ = {
			isa = XCBuildConfiguration;
			buildSettings = {
				ALWAYS_SEARCH_USER_PATHS = NO;
				CLANG_ANALYZER_NONNULL = YES;
				CLANG_ANALYZER_NUMBER_OBJECT_CONVERSION = YES_AGGRESSIVE;
				CLANG_CXX_LANGUAGE_STANDARD = "gnu++14";
				CLANG_CXX_LIBRARY = "libc++";
				CLANG_ENABLE_MODULES = YES;
				CLANG_ENABLE_OBJC_ARC = YES;
				CLANG_ENABLE_OBJC_WEAK = YES;
				CLANG_WARN_BLOCK_CAPTURE_AUTORELEASING = YES;
				CLANG_WARN_BOOL_CONVERSION = YES;
				CLANG_WARN_COMMA = YES;
				CLANG_WARN_CONSTANT_CONVERSION = YES;
				CLANG_WARN_DEPRECATED_OBJC_IMPLEMENTATIONS = YES;
				CLANG_WARN_DIRECT_OBJC_ISA_USAGE = YES_ERROR;
				CLANG_WARN_DOCUMENTATION_COMMENTS = YES;
				CLANG_WARN_EMPTY_BODY = YES;
				CLANG_WARN_ENUM_CONVERSION = YES;
				CLANG_WARN_INFINITE_RECURSION = YES;
				CLANG_WARN_INT_CONVERSION = YES;
				CLANG_WARN_NON_LITERAL_NULL_CONVERSION = YES;
				CLANG_WARN_OBJC_IMPLICIT_RETAIN_SELF = YES;
				CLANG_WARN_OBJC_LITERAL_CONVERSION = YES;
				CLANG_WARN_OBJC_ROOT_CLASS = YES_ERROR;
				CLANG_WARN_QUOTED_INCLUDE_IN_FRAMEWORK_HEADER = YES;
				CLANG_WARN_RANGE_LOOP_ANALYSIS = YES;
				CLANG_WARN_STRICT_PROTOTYPES = YES;
				CLANG_WARN_SUSPICIOUS_MOVE = YES;
				CLANG_WARN_UNGUARDED_AVAILABILITY = YES_AGGRESSIVE;
				CLANG_WARN_UNREACHABLE_CODE = YES;
				CLANG_WARN__DUPLICATE_METHOD_MATCH = YES;
				COPY_PHASE_STRIP = NO;
				DEBUG_INFORMATION_FORMAT = dwarf;
				ENABLE_STRICT_OBJC_MSGSEND = YES;
				ENABLE_TESTABILITY = YES;
				GCC_C_LANGUAGE_STANDARD = gnu11;
				GCC_DYNAMIC_NO_PIC = NO;
				GCC_NO_COMMON_BLOCKS = YES;
				GCC_OPTIMIZATION_LEVEL = 0;
				GCC_PREPROCESSOR_DEFINITIONS = (
					"DEBUG=1",
					"$(inherited)",
				);
				GCC_WARN_64_TO_32_BIT_CONVERSION = YES;
				GCC_WARN_ABOUT_RETURN_TYPE = YES_ERROR;
				GCC_WARN_UNDECLARED_SELECTOR = YES;
				GCC_WARN_UNINITIALIZED_AUTOS = YES_AGGRESSIVE;
				GCC_WARN_UNUSED_FUNCTION = YES;
				GCC_WARN_UNUSED_VARIABLE = YES;
				IPHONEOS_DEPLOYMENT_TARGET = 14.4;
				MTL_ENABLE_DEBUG_INFO = INCLUDE_SOURCE;
				MTL_FAST_MATH = YES;
				ONLY_ACTIVE_ARCH = YES;
				SDKROOT = iphoneos;
				SWIFT_ACTIVE_COMPILATION_CONDITIONS = DEBUG;
				SWIFT_OPTIMIZATION_LEVEL = "-Onone";
			};
			name = Debug;
		};
		C2B8B866260ED1160059264E /* Release */ = {
			isa = XCBuildConfiguration;
			buildSettings = {
				ALWAYS_SEARCH_USER_PATHS = NO;
				CLANG_ANALYZER_NONNULL = YES;
				CLANG_ANALYZER_NUMBER_OBJECT_CONVERSION = YES_AGGRESSIVE;
				CLANG_CXX_LANGUAGE_STANDARD = "gnu++14";
				CLANG_CXX_LIBRARY = "libc++";
				CLANG_ENABLE_MODULES = YES;
				CLANG_ENABLE_OBJC_ARC = YES;
				CLANG_ENABLE_OBJC_WEAK = YES;
				CLANG_WARN_BLOCK_CAPTURE_AUTORELEASING = YES;
				CLANG_WARN_BOOL_CONVERSION = YES;
				CLANG_WARN_COMMA = YES;
				CLANG_WARN_CONSTANT_CONVERSION = YES;
				CLANG_WARN_DEPRECATED_OBJC_IMPLEMENTATIONS = YES;
				CLANG_WARN_DIRECT_OBJC_ISA_USAGE = YES_ERROR;
				CLANG_WARN_DOCUMENTATION_COMMENTS = YES;
				CLANG_WARN_EMPTY_BODY = YES;
				CLANG_WARN_ENUM_CONVERSION = YES;
				CLANG_WARN_INFINITE_RECURSION = YES;
				CLANG_WARN_INT_CONVERSION = YES;
				CLANG_WARN_NON_LITERAL_NULL_CONVERSION = YES;
				CLANG_WARN_OBJC_IMPLICIT_RETAIN_SELF = YES;
				CLANG_WARN_OBJC_LITERAL_CONVERSION = YES;
				CLANG_WARN_OBJC_ROOT_CLASS = YES_ERROR;
				CLANG_WARN_QUOTED_INCLUDE_IN_FRAMEWORK_HEADER = YES;
				CLANG_WARN_RANGE_LOOP_ANALYSIS = YES;
				CLANG_WARN_STRICT_PROTOTYPES = YES;
				CLANG_WARN_SUSPICIOUS_MOVE = YES;
				CLANG_WARN_UNGUARDED_AVAILABILITY = YES_AGGRESSIVE;
				CLANG_WARN_UNREACHABLE_CODE = YES;
				CLANG_WARN__DUPLICATE_METHOD_MATCH = YES;
				COPY_PHASE_STRIP = NO;
				DEBUG_INFORMATION_FORMAT = "dwarf-with-dsym";
				ENABLE_NS_ASSERTIONS = NO;
				ENABLE_STRICT_OBJC_MSGSEND = YES;
				GCC_C_LANGUAGE_STANDARD = gnu11;
				GCC_NO_COMMON_BLOCKS = YES;
				GCC_WARN_64_TO_32_BIT_CONVERSION = YES;
				GCC_WARN_ABOUT_RETURN_TYPE = YES_ERROR;
				GCC_WARN_UNDECLARED_SELECTOR = YES;
				GCC_WARN_UNINITIALIZED_AUTOS = YES_AGGRESSIVE;
				GCC_WARN_UNUSED_FUNCTION = YES;
				GCC_WARN_UNUSED_VARIABLE = YES;
				IPHONEOS_DEPLOYMENT_TARGET = 14.4;
				MTL_ENABLE_DEBUG_INFO = NO;
				MTL_FAST_MATH = YES;
				SDKROOT = iphoneos;
				SWIFT_COMPILATION_MODE = wholemodule;
				SWIFT_OPTIMIZATION_LEVEL = "-O";
				VALIDATE_PRODUCT = YES;
			};
			name = Release;
		};
		C2B8B868260ED1160059264E /* Debug */ = {
			isa = XCBuildConfiguration;
			buildSettings = {
				ASSETCATALOG_COMPILER_APPICON_NAME = AppIcon;
				ASSETCATALOG_COMPILER_GLOBAL_ACCENT_COLOR_NAME = AccentColor;
				CODE_SIGN_STYLE = Automatic;
				DEVELOPMENT_TEAM = 7A5GV3DH33;
				INFOPLIST_FILE = Demo/Info.plist;
				LD_RUNPATH_SEARCH_PATHS = (
					"$(inherited)",
					"@executable_path/Frameworks",
				);
				PRODUCT_BUNDLE_IDENTIFIER = me.octree.Demo;
				PRODUCT_NAME = "$(TARGET_NAME)";
				SWIFT_VERSION = 5.0;
				TARGETED_DEVICE_FAMILY = "1,2";
			};
			name = Debug;
		};
		C2B8B869260ED1160059264E /* Release */ = {
			isa = XCBuildConfiguration;
			buildSettings = {
				ASSETCATALOG_COMPILER_APPICON_NAME = AppIcon;
				ASSETCATALOG_COMPILER_GLOBAL_ACCENT_COLOR_NAME = AccentColor;
				CODE_SIGN_STYLE = Automatic;
				DEVELOPMENT_TEAM = 7A5GV3DH33;
				INFOPLIST_FILE = Demo/Info.plist;
				LD_RUNPATH_SEARCH_PATHS = (
					"$(inherited)",
					"@executable_path/Frameworks",
				);
				PRODUCT_BUNDLE_IDENTIFIER = me.octree.Demo;
				PRODUCT_NAME = "$(TARGET_NAME)";
				SWIFT_VERSION = 5.0;
				TARGETED_DEVICE_FAMILY = "1,2";
			};
			name = Release;
		};
/* End XCBuildConfiguration section */

/* Begin XCConfigurationList section */
		C2B8B84E260ED1130059264E /* Build configuration list for PBXProject "Demo" */ = {
			isa = XCConfigurationList;
			buildConfigurations = (
				C2B8B865260ED1160059264E /* Debug */,
				C2B8B866260ED1160059264E /* Release */,
			);
			defaultConfigurationIsVisible = 0;
			defaultConfigurationName = Release;
		};
		C2B8B867260ED1160059264E /* Build configuration list for PBXNativeTarget "Demo" */ = {
			isa = XCConfigurationList;
			buildConfigurations = (
				C2B8B868260ED1160059264E /* Debug */,
				C2B8B869260ED1160059264E /* Release */,
			);
			defaultConfigurationIsVisible = 0;
			defaultConfigurationName = Release;
		};
/* End XCConfigurationList section */

/* Begin XCSwiftPackageProductDependency section */
		C2B8B86E260ED1320059264E /* SwiftWKBridge */ = {
			isa = XCSwiftPackageProductDependency;
			productName = SwiftWKBridge;
		};
/* End XCSwiftPackageProductDependency section */
	};
	rootObject = C2B8B84B260ED1130059264E /* Project object */;
}
